
Microsoft Visual Studio Solution File, Format Version 12.00
# Visual Studio Version 17
VisualStudioVersion = 17.6.33815.320
MinimumVisualStudioVersion = 10.0.40219.1
Project("{9A19103F-16F7-4668-BE54-9A1E7A4F7556}") = "Voxen#", "Voxen#\Voxen#.csproj", "{BD4DB869-9643-47F5-9461-F7E59E45C7B4}"
EndProject
Global
	GlobalSection(SolutionConfigurationPlatforms) = preSolution
		Debug|Any CPU = Debug|Any CPU
		Debug|x64 = Debug|x64
		Release|Any CPU = Release|Any CPU
		Release|x64 = Release|x64
	EndGlobalSection
	GlobalSection(ProjectConfigurationPlatforms) = postSolution
		{BD4DB869-9643-47F5-9461-F7E59E45C7B4}.Debug|Any CPU.ActiveCfg = Debug|Any CPU
		{BD4DB869-9643-47F5-9461-F7E59E45C7B4}.Debug|Any CPU.Build.0 = Debug|Any CPU
		{BD4DB869-9643-47F5-9461-F7E59E45C7B4}.Debug|x64.ActiveCfg = Debug|x64
		{BD4DB869-9643-47F5-9461-F7E59E45C7B4}.Debug|x64.Build.0 = Debug|x64
		{BD4DB869-9643-47F5-9461-F7E59E45C7B4}.Release|Any CPU.ActiveCfg = Release|Any CPU
		{BD4DB869-9643-47F5-9461-F7E59E45C7B4}.Release|Any CPU.Build.0 = Release|Any CPU
		{BD4DB869-9643-47F5-9461-F7E59E45C7B4}.Release|x64.ActiveCfg = Release|x64
		{BD4DB869-9643-47F5-9461-F7E59E45C7B4}.Release|x64.Build.0 = Release|x64
	EndGlobalSection
	GlobalSection(SolutionProperties) = preSolution
		HideSolutionNode = FALSE
	EndGlobalSection
	GlobalSection(ExtensibilityGlobals) = postSolution
		SolutionGuid = {94E0ECE7-20DA-42FB-B24F-AA1E72BFF8B6}
	EndGlobalSection
EndGlobal
